
Microsoft Visual Studio Solution File, Format Version 12.00
# Visual Studio Version 17
VisualStudioVersion = 17.11.35327.3
MinimumVisualStudioVersion = 10.0.40219.1
Project("{FAE04EC0-301F-11D3-BF4B-00C04F79EFBC}") = "ListaTareasSergioDiez", "ListaTareasSergioDiez\ListaTareasSergioDiez.csproj", "{8F4EEC80-C2B9-4434-9017-B6100CC2F440}"
EndProject
Global
	GlobalSection(SolutionConfigurationPlatforms) = preSolution
		Debug|Any CPU = Debug|Any CPU
		Release|Any CPU = Release|Any CPU
	EndGlobalSection
	GlobalSection(ProjectConfigurationPlatforms) = postSolution
		{8F4EEC80-C2B9-4434-9017-B6100CC2F440}.Debug|Any CPU.ActiveCfg = Debug|Any CPU
		{8F4EEC80-C2B9-4434-9017-B6100CC2F440}.Debug|Any CPU.Build.0 = Debug|Any CPU
		{8F4EEC80-C2B9-4434-9017-B6100CC2F440}.Debug|Any CPU.Deploy.0 = Debug|Any CPU
		{8F4EEC80-C2B9-4434-9017-B6100CC2F440}.Release|Any CPU.ActiveCfg = Release|Any CPU
		{8F4EEC80-C2B9-4434-9017-B6100CC2F440}.Release|Any CPU.Build.0 = Release|Any CPU
		{8F4EEC80-C2B9-4434-9017-B6100CC2F440}.Release|Any CPU.Deploy.0 = Release|Any CPU
	EndGlobalSection
	GlobalSection(SolutionProperties) = preSolution
		HideSolutionNode = FALSE
	EndGlobalSection
	GlobalSection(ExtensibilityGlobals) = postSolution
		SolutionGuid = {569A06B8-E9C5-4E48-B98E-96651DFB44EE}
	EndGlobalSection
EndGlobal
